
Microsoft Visual Studio Solution File, Format Version 12.00
# Visual Studio 15
VisualStudioVersion = 15.0.27703.2042
MinimumVisualStudioVersion = 10.0.40219.1
Project("{FAE04EC0-301F-11D3-BF4B-00C04F79EFBC}") = "SimpleOrgMVC", "SimpleOrgMVC\SimpleOrgMVC.csproj", "{AFE23963-2002-4D8B-BB3C-769D1230A549}"
EndProject
Global
	GlobalSection(SolutionConfigurationPlatforms) = preSolution
		Debug|Any CPU = Debug|Any CPU
		Release|Any CPU = Release|Any CPU
	EndGlobalSection
	GlobalSection(ProjectConfigurationPlatforms) = postSolution
		{AFE23963-2002-4D8B-BB3C-769D1230A549}.Debug|Any CPU.ActiveCfg = Debug|Any CPU
		{AFE23963-2002-4D8B-BB3C-769D1230A549}.Debug|Any CPU.Build.0 = Debug|Any CPU
		{AFE23963-2002-4D8B-BB3C-769D1230A549}.Release|Any CPU.ActiveCfg = Release|Any CPU
		{AFE23963-2002-4D8B-BB3C-769D1230A549}.Release|Any CPU.Build.0 = Release|Any CPU
	EndGlobalSection
	GlobalSection(SolutionProperties) = preSolution
		HideSolutionNode = FALSE
	EndGlobalSection
	GlobalSection(ExtensibilityGlobals) = postSolution
		SolutionGuid = {47B79C93-8D6F-4C79-99F6-96AF8AB1CBFF}
	EndGlobalSection
EndGlobal
